
Microsoft Visual Studio Solution File, Format Version 12.00
# Visual Studio 15
VisualStudioVersion = 15.0.28307.757
MinimumVisualStudioVersion = 10.0.40219.1
Project("{FAE04EC0-301F-11D3-BF4B-00C04F79EFBC}") = "ConsultaMVC", "ConsultaMVC\ConsultaMVC.csproj", "{A0220F67-DE3F-4B05-B0D6-D8F2A655D0FD}"
EndProject
Global
	GlobalSection(SolutionConfigurationPlatforms) = preSolution
		Debug|Any CPU = Debug|Any CPU
		Release|Any CPU = Release|Any CPU
	EndGlobalSection
	GlobalSection(ProjectConfigurationPlatforms) = postSolution
		{A0220F67-DE3F-4B05-B0D6-D8F2A655D0FD}.Debug|Any CPU.ActiveCfg = Debug|Any CPU
		{A0220F67-DE3F-4B05-B0D6-D8F2A655D0FD}.Debug|Any CPU.Build.0 = Debug|Any CPU
		{A0220F67-DE3F-4B05-B0D6-D8F2A655D0FD}.Release|Any CPU.ActiveCfg = Release|Any CPU
		{A0220F67-DE3F-4B05-B0D6-D8F2A655D0FD}.Release|Any CPU.Build.0 = Release|Any CPU
	EndGlobalSection
	GlobalSection(SolutionProperties) = preSolution
		HideSolutionNode = FALSE
	EndGlobalSection
	GlobalSection(ExtensibilityGlobals) = postSolution
		SolutionGuid = {E78A6E16-0A0D-460E-94FE-A7602D939A8E}
	EndGlobalSection
EndGlobal
